// !$*UTF8*$!
{
	archiveVersion = 1;
	classes = {
	};
	objectVersion = 50;
	objects = {

/* Begin PBXBuildFile section */
		9AA60D612489A78500A8625D /* AppDelegate.swift in Sources */ = {isa = PBXBuildFile; fileRef = 9AA60D602489A78500A8625D /* AppDelegate.swift */; };
		9AA60D632489A78500A8625D /* SceneDelegate.swift in Sources */ = {isa = PBXBuildFile; fileRef = 9AA60D622489A78500A8625D /* SceneDelegate.swift */; };
		9AA60D652489A78500A8625D /* ViewController.swift in Sources */ = {isa = PBXBuildFile; fileRef = 9AA60D642489A78500A8625D /* ViewController.swift */; };
		9AA60D682489A78500A8625D /* Main.storyboard in Resources */ = {isa = PBXBuildFile; fileRef = 9AA60D662489A78500A8625D /* Main.storyboard */; };
		9AA60D6A2489A78700A8625D /* Assets.xcassets in Resources */ = {isa = PBXBuildFile; fileRef = 9AA60D692489A78700A8625D /* Assets.xcassets */; };
		9AA60D6D2489A78700A8625D /* LaunchScreen.storyboard in Resources */ = {isa = PBXBuildFile; fileRef = 9AA60D6B2489A78700A8625D /* LaunchScreen.storyboard */; };
/* End PBXBuildFile section */

/* Begin PBXFileReference section */
		9AA60D5D2489A78500A8625D /* PJ Control.app */ = {isa = PBXFileReference; explicitFileType = wrapper.application; includeInIndex = 0; path = "PJ Control.app"; sourceTree = BUILT_PRODUCTS_DIR; };
		9AA60D602489A78500A8625D /* AppDelegate.swift */ = {isa = PBXFileReference; lastKnownFileType = sourcecode.swift; path = AppDelegate.swift; sourceTree = "<group>"; };
		9AA60D622489A78500A8625D /* SceneDelegate.swift */ = {isa = PBXFileReference; lastKnownFileType = sourcecode.swift; path = SceneDelegate.swift; sourceTree = "<group>"; };
		9AA60D642489A78500A8625D /* ViewController.swift */ = {isa = PBXFileReference; lastKnownFileType = sourcecode.swift; path = ViewController.swift; sourceTree = "<group>"; };
		9AA60D672489A78500A8625D /* Base */ = {isa = PBXFileReference; lastKnownFileType = file.storyboard; name = Base; path = Base.lproj/Main.storyboard; sourceTree = "<group>"; };
		9AA60D692489A78700A8625D /* Assets.xcassets */ = {isa = PBXFileReference; lastKnownFileType = folder.assetcatalog; path = Assets.xcassets; sourceTree = "<group>"; };
		9AA60D6C2489A78700A8625D /* Base */ = {isa = PBXFileReference; lastKnownFileType = file.storyboard; name = Base; path = Base.lproj/LaunchScreen.storyboard; sourceTree = "<group>"; };
		9AA60D6E2489A78700A8625D /* Info.plist */ = {isa = PBXFileReference; lastKnownFileType = text.plist.xml; path = Info.plist; sourceTree = "<group>"; };
/* End PBXFileReference section */

/* Begin PBXFrameworksBuildPhase section */
		9AA60D5A2489A78500A8625D /* Frameworks */ = {
			isa = PBXFrameworksBuildPhase;
			buildActionMask = 2147483647;
			files = (
			);
			runOnlyForDeploymentPostprocessing = 0;
		};
/* End PBXFrameworksBuildPhase section */

/* Begin PBXGroup section */
		9AA60D542489A78500A8625D = {
			isa = PBXGroup;
			children = (
				9AA60D5F2489A78500A8625D /* PJ Monitor */,
				9AA60D5E2489A78500A8625D /* Products */,
			);
			sourceTree = "<group>";
		};
		9AA60D5E2489A78500A8625D /* Products */ = {
			isa = PBXGroup;
			children = (
				9AA60D5D2489A78500A8625D /* PJ Control.app */,
			);
			name = Products;
			sourceTree = "<group>";
		};
		9AA60D5F2489A78500A8625D /* PJ Monitor */ = {
			isa = PBXGroup;
			children = (
				9AA60D602489A78500A8625D /* AppDelegate.swift */,
				9AA60D622489A78500A8625D /* SceneDelegate.swift */,
				9AA60D642489A78500A8625D /* ViewController.swift */,
				9AA60D662489A78500A8625D /* Main.storyboard */,
				9AA60D692489A78700A8625D /* Assets.xcassets */,
				9AA60D6B2489A78700A8625D /* LaunchScreen.storyboard */,
				9AA60D6E2489A78700A8625D /* Info.plist */,
			);
			path = "PJ Monitor";
			sourceTree = "<group>";
		};
/* End PBXGroup section */

/* Begin PBXNativeTarget section */
		9AA60D5C2489A78500A8625D /* PJ Monitor */ = {
			isa = PBXNativeTarget;
			buildConfigurationList = 9AA60D712489A78700A8625D /* Build configuration list for PBXNativeTarget "PJ Monitor" */;
			buildPhases = (
				9AA60D592489A78500A8625D /* Sources */,
				9AA60D5A2489A78500A8625D /* Frameworks */,
				9AA60D5B2489A78500A8625D /* Resources */,
			);
			buildRules = (
			);
			dependencies = (
			);
			name = "PJ Monitor";
			productName = "PJ Monitor";
			productReference = 9AA60D5D2489A78500A8625D /* PJ Control.app */;
			productType = "com.apple.product-type.application";
		};
/* End PBXNativeTarget section */

/* Begin PBXProject section */
		9AA60D552489A78500A8625D /* Project object */ = {
			isa = PBXProject;
			attributes = {
				LastSwiftUpdateCheck = 1150;
				LastUpgradeCheck = 1150;
				ORGANIZATIONNAME = "Julian Kramer";
				TargetAttributes = {
					9AA60D5C2489A78500A8625D = {
						CreatedOnToolsVersion = 11.5;
					};
				};
			};
			buildConfigurationList = 9AA60D582489A78500A8625D /* Build configuration list for PBXProject "PJ Monitor" */;
			compatibilityVersion = "Xcode 9.3";
			developmentRegion = en;
			hasScannedForEncodings = 0;
			knownRegions = (
				en,
				Base,
			);
			mainGroup = 9AA60D542489A78500A8625D;
			productRefGroup = 9AA60D5E2489A78500A8625D /* Products */;
			projectDirPath = "";
			projectRoot = "";
			targets = (
				9AA60D5C2489A78500A8625D /* PJ Monitor */,
			);
		};
/* End PBXProject section */

/* Begin PBXResourcesBuildPhase section */
		9AA60D5B2489A78500A8625D /* Resources */ = {
			isa = PBXResourcesBuildPhase;
			buildActionMask = 2147483647;
			files = (
				9AA60D6D2489A78700A8625D /* LaunchScreen.storyboard in Resources */,
				9AA60D6A2489A78700A8625D /* Assets.xcassets in Resources */,
				9AA60D682489A78500A8625D /* Main.storyboard in Resources */,
			);
			runOnlyForDeploymentPostprocessing = 0;
		};
/* End PBXResourcesBuildPhase section */

/* Begin PBXSourcesBuildPhase section */
		9AA60D592489A78500A8625D /* Sources */ = {
			isa = PBXSourcesBuildPhase;
			buildActionMask = 2147483647;
			files = (
				9AA60D652489A78500A8625D /* ViewController.swift in Sources */,
				9AA60D612489A78500A8625D /* AppDelegate.swift in Sources */,
				9AA60D632489A78500A8625D /* SceneDelegate.swift in Sources */,
			);
			runOnlyForDeploymentPostprocessing = 0;
		};
/* End PBXSourcesBuildPhase section */

/* Begin PBXVariantGroup section */
		9AA60D662489A78500A8625D /* Main.storyboard */ = {
			isa = PBXVariantGroup;
			children = (
				9AA60D672489A78500A8625D /* Base */,
			);
			name = Main.storyboard;
			sourceTree = "<group>";
		};
		9AA60D6B2489A78700A8625D /* LaunchScreen.storyboard */ = {
			isa = PBXVariantGroup;
			children = (
				9AA60D6C2489A78700A8625D /* Base */,
			);
			name = LaunchScreen.storyboard;
			sourceTree = "<group>";
		};
/* End PBXVariantGroup section */

/* Begin XCBuildConfiguration section */
		9AA60D6F2489A78700A8625D /* Debug */ = {
			isa = XCBuildConfiguration;
			buildSettings = {
				ALWAYS_SEARCH_USER_PATHS = NO;
				CLANG_ANALYZER_NONNULL = YES;
				CLANG_ANALYZER_NUMBER_OBJECT_CONVERSION = YES_AGGRESSIVE;
				CLANG_CXX_LANGUAGE_STANDARD = "gnu++14";
				CLANG_CXX_LIBRARY = "libc++";
				CLANG_ENABLE_MODULES = YES;
				CLANG_ENABLE_OBJC_ARC = YES;
				CLANG_ENABLE_OBJC_WEAK = YES;
				CLANG_WARN_BLOCK_CAPTURE_AUTORELEASING = YES;
				CLANG_WARN_BOOL_CONVERSION = YES;
				CLANG_WARN_COMMA = YES;
				CLANG_WARN_CONSTANT_CONVERSION = YES;
				CLANG_WARN_DEPRECATED_OBJC_IMPLEMENTATIONS = YES;
				CLANG_WARN_DIRECT_OBJC_ISA_USAGE = YES_ERROR;
				CLANG_WARN_DOCUMENTATION_COMMENTS = YES;
				CLANG_WARN_EMPTY_BODY = YES;
				CLANG_WARN_ENUM_CONVERSION = YES;
				CLANG_WARN_INFINITE_RECURSION = YES;
				CLANG_WARN_INT_CONVERSION = YES;
				CLANG_WARN_NON_LITERAL_NULL_CONVERSION = YES;
				CLANG_WARN_OBJC_IMPLICIT_RETAIN_SELF = YES;
				CLANG_WARN_OBJC_LITERAL_CONVERSION = YES;
				CLANG_WARN_OBJC_ROOT_CLASS = YES_ERROR;
				CLANG_WARN_RANGE_LOOP_ANALYSIS = YES;
				CLANG_WARN_STRICT_PROTOTYPES = YES;
				CLANG_WARN_SUSPICIOUS_MOVE = YES;
				CLANG_WARN_UNGUARDED_AVAILABILITY = YES_AGGRESSIVE;
				CLANG_WARN_UNREACHABLE_CODE = YES;
				CLANG_WARN__DUPLICATE_METHOD_MATCH = YES;
				COPY_PHASE_STRIP = NO;
				DEBUG_INFORMATION_FORMAT = dwarf;
				ENABLE_STRICT_OBJC_MSGSEND = YES;
				ENABLE_TESTABILITY = YES;
				GCC_C_LANGUAGE_STANDARD = gnu11;
				GCC_DYNAMIC_NO_PIC = NO;
				GCC_NO_COMMON_BLOCKS = YES;
				GCC_OPTIMIZATION_LEVEL = 0;
				GCC_PREPROCESSOR_DEFINITIONS = (
					"DEBUG=1",
					"$(inherited)",
				);
				GCC_WARN_64_TO_32_BIT_CONVERSION = YES;
				GCC_WARN_ABOUT_RETURN_TYPE = YES_ERROR;
				GCC_WARN_UNDECLARED_SELECTOR = YES;
				GCC_WARN_UNINITIALIZED_AUTOS = YES_AGGRESSIVE;
				GCC_WARN_UNUSED_FUNCTION = YES;
				GCC_WARN_UNUSED_VARIABLE = YES;
				IPHONEOS_DEPLOYMENT_TARGET = 13.5;
				MTL_ENABLE_DEBUG_INFO = INCLUDE_SOURCE;
				MTL_FAST_MATH = YES;
				ONLY_ACTIVE_ARCH = YES;
				SDKROOT = iphoneos;
				SWIFT_ACTIVE_COMPILATION_CONDITIONS = DEBUG;
				SWIFT_OPTIMIZATION_LEVEL = "-Onone";
			};
			name = Debug;
		};
		9AA60D702489A78700A8625D /* Release */ = {
			isa = XCBuildConfiguration;
			buildSettings = {
				ALWAYS_SEARCH_USER_PATHS = NO;
				CLANG_ANALYZER_NONNULL = YES;
				CLANG_ANALYZER_NUMBER_OBJECT_CONVERSION = YES_AGGRESSIVE;
				CLANG_CXX_LANGUAGE_STANDARD = "gnu++14";
				CLANG_CXX_LIBRARY = "libc++";
				CLANG_ENABLE_MODULES = YES;
				CLANG_ENABLE_OBJC_ARC = YES;
				CLANG_ENABLE_OBJC_WEAK = YES;
				CLANG_WARN_BLOCK_CAPTURE_AUTORELEASING = YES;
				CLANG_WARN_BOOL_CONVERSION = YES;
				CLANG_WARN_COMMA = YES;
				CLANG_WARN_CONSTANT_CONVERSION = YES;
				CLANG_WARN_DEPRECATED_OBJC_IMPLEMENTATIONS = YES;
				CLANG_WARN_DIRECT_OBJC_ISA_USAGE = YES_ERROR;
				CLANG_WARN_DOCUMENTATION_COMMENTS = YES;
				CLANG_WARN_EMPTY_BODY = YES;
				CLANG_WARN_ENUM_CONVERSION = YES;
				CLANG_WARN_INFINITE_RECURSION = YES;
				CLANG_WARN_INT_CONVERSION = YES;
				CLANG_WARN_NON_LITERAL_NULL_CONVERSION = YES;
				CLANG_WARN_OBJC_IMPLICIT_RETAIN_SELF = YES;
				CLANG_WARN_OBJC_LITERAL_CONVERSION = YES;
				CLANG_WARN_OBJC_ROOT_CLASS = YES_ERROR;
				CLANG_WARN_RANGE_LOOP_ANALYSIS = YES;
				CLANG_WARN_STRICT_PROTOTYPES = YES;
				CLANG_WARN_SUSPICIOUS_MOVE = YES;
				CLANG_WARN_UNGUARDED_AVAILABILITY = YES_AGGRESSIVE;
				CLANG_WARN_UNREACHABLE_CODE = YES;
				CLANG_WARN__DUPLICATE_METHOD_MATCH = YES;
				COPY_PHASE_STRIP = NO;
				DEBUG_INFORMATION_FORMAT = "dwarf-with-dsym";
				ENABLE_NS_ASSERTIONS = NO;
				ENABLE_STRICT_OBJC_MSGSEND = YES;
				GCC_C_LANGUAGE_STANDARD = gnu11;
				GCC_NO_COMMON_BLOCKS = YES;
				GCC_WARN_64_TO_32_BIT_CONVERSION = YES;
				GCC_WARN_ABOUT_RETURN_TYPE = YES_ERROR;
				GCC_WARN_UNDECLARED_SELECTOR = YES;
				GCC_WARN_UNINITIALIZED_AUTOS = YES_AGGRESSIVE;
				GCC_WARN_UNUSED_FUNCTION = YES;
				GCC_WARN_UNUSED_VARIABLE = YES;
				IPHONEOS_DEPLOYMENT_TARGET = 13.5;
				MTL_ENABLE_DEBUG_INFO = NO;
				MTL_FAST_MATH = YES;
				SDKROOT = iphoneos;
				SWIFT_COMPILATION_MODE = wholemodule;
				SWIFT_OPTIMIZATION_LEVEL = "-O";
				VALIDATE_PRODUCT = YES;
			};
			name = Release;
		};
		9AA60D722489A78700A8625D /* Debug */ = {
			isa = XCBuildConfiguration;
			buildSettings = {
				ASSETCATALOG_COMPILER_APPICON_NAME = AppIcon;
				CODE_SIGN_STYLE = Automatic;
				DEVELOPMENT_TEAM = 9F5685N94J;
				INFOPLIST_FILE = "PJ Monitor/Info.plist";
				LD_RUNPATH_SEARCH_PATHS = (
					"$(inherited)",
					"@executable_path/Frameworks",
				);
				PRODUCT_BUNDLE_IDENTIFIER = "com.jiamer.PJ-Monitor";
				PRODUCT_NAME = "PJ Control";
				SWIFT_VERSION = 5.0;
				TARGETED_DEVICE_FAMILY = "1,2";
			};
			name = Debug;
		};
		9AA60D732489A78700A8625D /* Release */ = {
			isa = XCBuildConfiguration;
			buildSettings = {
				ASSETCATALOG_COMPILER_APPICON_NAME = AppIcon;
				CODE_SIGN_STYLE = Automatic;
				DEVELOPMENT_TEAM = 9F5685N94J;
				INFOPLIST_FILE = "PJ Monitor/Info.plist";
				LD_RUNPATH_SEARCH_PATHS = (
					"$(inherited)",
					"@executable_path/Frameworks",
				);
				PRODUCT_BUNDLE_IDENTIFIER = "com.jiamer.PJ-Monitor";
				PRODUCT_NAME = "PJ Control";
				SWIFT_VERSION = 5.0;
				TARGETED_DEVICE_FAMILY = "1,2";
			};
			name = Release;
		};
/* End XCBuildConfiguration section */

/* Begin XCConfigurationList section */
		9AA60D582489A78500A8625D /* Build configuration list for PBXProject "PJ Monitor" */ = {
			isa = XCConfigurationList;
			buildConfigurations = (
				9AA60D6F2489A78700A8625D /* Debug */,
				9AA60D702489A78700A8625D /* Release */,
			);
			defaultConfigurationIsVisible = 0;
			defaultConfigurationName = Release;
		};
		9AA60D712489A78700A8625D /* Build configuration list for PBXNativeTarget "PJ Monitor" */ = {
			isa = XCConfigurationList;
			buildConfigurations = (
				9AA60D722489A78700A8625D /* Debug */,
				9AA60D732489A78700A8625D /* Release */,
			);
			defaultConfigurationIsVisible = 0;
			defaultConfigurationName = Release;
		};
/* End XCConfigurationList section */
	};
	rootObject = 9AA60D552489A78500A8625D /* Project object */;
}
